
Microsoft Visual Studio Solution File, Format Version 12.00
# Visual Studio Version 16
VisualStudioVersion = 16.0.31424.327
MinimumVisualStudioVersion = 10.0.40219.1
Project("{FAE04EC0-301F-11D3-BF4B-00C04F79EFBC}") = "USBCam", "USBCam\USBCam.csproj", "{2E18B871-1144-499C-8BF2-8542DCCC7A04}"
EndProject
Global
	GlobalSection(SolutionConfigurationPlatforms) = preSolution
		Debug|Any CPU = Debug|Any CPU
		Release|Any CPU = Release|Any CPU
	EndGlobalSection
	GlobalSection(ProjectConfigurationPlatforms) = postSolution
		{2E18B871-1144-499C-8BF2-8542DCCC7A04}.Debug|Any CPU.ActiveCfg = Debug|Any CPU
		{2E18B871-1144-499C-8BF2-8542DCCC7A04}.Debug|Any CPU.Build.0 = Debug|Any CPU
		{2E18B871-1144-499C-8BF2-8542DCCC7A04}.Release|Any CPU.ActiveCfg = Release|Any CPU
		{2E18B871-1144-499C-8BF2-8542DCCC7A04}.Release|Any CPU.Build.0 = Release|Any CPU
	EndGlobalSection
	GlobalSection(SolutionProperties) = preSolution
		HideSolutionNode = FALSE
	EndGlobalSection
	GlobalSection(ExtensibilityGlobals) = postSolution
		SolutionGuid = {18F205D3-2E0D-4044-9012-745A678C678D}
	EndGlobalSection
EndGlobal
